
Microsoft Visual Studio Solution File, Format Version 12.00
# Visual Studio Version 16
VisualStudioVersion = 16.0.31105.61
MinimumVisualStudioVersion = 10.0.40219.1
Project("{9A19103F-16F7-4668-BE54-9A1E7A4F7556}") = "ComponentSystemGame", "ComponentSystemGame.csproj", "{5946DB4A-BB36-406F-8A60-C4A75F0D3325}"
EndProject
Global
	GlobalSection(SolutionConfigurationPlatforms) = preSolution
		Debug|Any CPU = Debug|Any CPU
		Release|Any CPU = Release|Any CPU
	EndGlobalSection
	GlobalSection(ProjectConfigurationPlatforms) = postSolution
		{5946DB4A-BB36-406F-8A60-C4A75F0D3325}.Debug|Any CPU.ActiveCfg = Debug|Any CPU
		{5946DB4A-BB36-406F-8A60-C4A75F0D3325}.Debug|Any CPU.Build.0 = Debug|Any CPU
		{5946DB4A-BB36-406F-8A60-C4A75F0D3325}.Release|Any CPU.ActiveCfg = Release|Any CPU
		{5946DB4A-BB36-406F-8A60-C4A75F0D3325}.Release|Any CPU.Build.0 = Release|Any CPU
	EndGlobalSection
	GlobalSection(SolutionProperties) = preSolution
		HideSolutionNode = FALSE
	EndGlobalSection
	GlobalSection(ExtensibilityGlobals) = postSolution
		SolutionGuid = {4A38B265-E43D-4A5E-AF67-194DF433CB7A}
	EndGlobalSection
EndGlobal
